
Microsoft Visual Studio Solution File, Format Version 12.00
# Visual Studio Version 16
VisualStudioVersion = 16.0.30517.126
MinimumVisualStudioVersion = 10.0.40219.1
Project("{FAE04EC0-301F-11D3-BF4B-00C04F79EFBC}") = "PHPTravelsAT", "PHPTravelsAT\PHPTravelsAT.csproj", "{3D1ECF61-F071-4F33-941B-647771FAEA85}"
EndProject
Global
	GlobalSection(SolutionConfigurationPlatforms) = preSolution
		Debug|Any CPU = Debug|Any CPU
		Release|Any CPU = Release|Any CPU
	EndGlobalSection
	GlobalSection(ProjectConfigurationPlatforms) = postSolution
		{3D1ECF61-F071-4F33-941B-647771FAEA85}.Debug|Any CPU.ActiveCfg = Debug|Any CPU
		{3D1ECF61-F071-4F33-941B-647771FAEA85}.Debug|Any CPU.Build.0 = Debug|Any CPU
		{3D1ECF61-F071-4F33-941B-647771FAEA85}.Release|Any CPU.ActiveCfg = Release|Any CPU
		{3D1ECF61-F071-4F33-941B-647771FAEA85}.Release|Any CPU.Build.0 = Release|Any CPU
	EndGlobalSection
	GlobalSection(SolutionProperties) = preSolution
		HideSolutionNode = FALSE
	EndGlobalSection
	GlobalSection(ExtensibilityGlobals) = postSolution
		SolutionGuid = {C3BF620D-320D-4940-B81F-84CF5142ABB3}
	EndGlobalSection
EndGlobal
